{
    "name": "with_npm",
    "version": "1.0.0",
    "lockfileVersion": 2,
    "requires": true,
    "packages": {
        "": {
            "name": "with_npm",
            "version": "1.0.0",
            "license": "ISC",
            "dependencies": {
                "pulp_web": "1.0.1"
            }
        },
        "node_modules/morphdom": {
            "version": "2.6.1",
            "resolved": "https://registry.npmjs.org/morphdom/-/morphdom-2.6.1.tgz",
            "integrity": "sha512-Y8YRbAEP3eKykroIBWrjcfMw7mmwJfjhqdpSvoqinu8Y702nAwikpXcNFDiIkyvfCLxLM9Wu95RZqo4a9jFBaA=="
        },
        "node_modules/pulp_web": {
            "version": "1.0.1",
            "resolved": "https://registry.npmjs.org/pulp_web/-/pulp_web-1.0.1.tgz",
            "integrity": "sha512-Wd32RNIikAh1Fhj/MCkhKmNejvNYxK0CJAdMyIYE0idqNgNlyfQOs6iqYFJupIvuE9FN99+Bm7kPaElo6Ddqeg==",
            "dependencies": {
                "morphdom": "2.6.1"
            }
        }
    },
    "dependencies": {
        "morphdom": {
            "version": "2.6.1",
            "resolved": "https://registry.npmjs.org/morphdom/-/morphdom-2.6.1.tgz",
            "integrity": "sha512-Y8YRbAEP3eKykroIBWrjcfMw7mmwJfjhqdpSvoqinu8Y702nAwikpXcNFDiIkyvfCLxLM9Wu95RZqo4a9jFBaA=="
        },
        "pulp_web": {
            "version": "1.0.1",
            "resolved": "https://registry.npmjs.org/pulp_web/-/pulp_web-1.0.1.tgz",
            "integrity": "sha512-Wd32RNIikAh1Fhj/MCkhKmNejvNYxK0CJAdMyIYE0idqNgNlyfQOs6iqYFJupIvuE9FN99+Bm7kPaElo6Ddqeg==",
            "requires": {
                "morphdom": "2.6.1"
            }
        }
    }
}
